// !$*UTF8*$!
{
	archiveVersion = 1;
	classes = {
	};
	objectVersion = 55;
	objects = {

/* Begin PBXBuildFile section */
		54CE17FE28DDDD8F0035DCFC /* AppDelegate.swift in Sources */ = {isa = PBXBuildFile; fileRef = 54CE17FD28DDDD8F0035DCFC /* AppDelegate.swift */; };
		54CE180028DDDD8F0035DCFC /* SceneDelegate.swift in Sources */ = {isa = PBXBuildFile; fileRef = 54CE17FF28DDDD8F0035DCFC /* SceneDelegate.swift */; };
		54CE180228DDDD8F0035DCFC /* ViewController.swift in Sources */ = {isa = PBXBuildFile; fileRef = 54CE180128DDDD8F0035DCFC /* ViewController.swift */; };
		54CE180528DDDD8F0035DCFC /* Main.storyboard in Resources */ = {isa = PBXBuildFile; fileRef = 54CE180328DDDD8F0035DCFC /* Main.storyboard */; };
		54CE180828DDDD8F0035DCFC /* GradesFUnctionApp.xcdatamodeld in Sources */ = {isa = PBXBuildFile; fileRef = 54CE180628DDDD8F0035DCFC /* GradesFUnctionApp.xcdatamodeld */; };
		54CE180A28DDDD900035DCFC /* Assets.xcassets in Resources */ = {isa = PBXBuildFile; fileRef = 54CE180928DDDD900035DCFC /* Assets.xcassets */; };
		54CE180D28DDDD900035DCFC /* LaunchScreen.storyboard in Resources */ = {isa = PBXBuildFile; fileRef = 54CE180B28DDDD900035DCFC /* LaunchScreen.storyboard */; };
/* End PBXBuildFile section */

/* Begin PBXFileReference section */
		54CE17FA28DDDD8F0035DCFC /* GradesFUnctionApp.app */ = {isa = PBXFileReference; explicitFileType = wrapper.application; includeInIndex = 0; path = GradesFUnctionApp.app; sourceTree = BUILT_PRODUCTS_DIR; };
		54CE17FD28DDDD8F0035DCFC /* AppDelegate.swift */ = {isa = PBXFileReference; lastKnownFileType = sourcecode.swift; path = AppDelegate.swift; sourceTree = "<group>"; };
		54CE17FF28DDDD8F0035DCFC /* SceneDelegate.swift */ = {isa = PBXFileReference; lastKnownFileType = sourcecode.swift; path = SceneDelegate.swift; sourceTree = "<group>"; };
		54CE180128DDDD8F0035DCFC /* ViewController.swift */ = {isa = PBXFileReference; lastKnownFileType = sourcecode.swift; path = ViewController.swift; sourceTree = "<group>"; };
		54CE180428DDDD8F0035DCFC /* Base */ = {isa = PBXFileReference; lastKnownFileType = file.storyboard; name = Base; path = Base.lproj/Main.storyboard; sourceTree = "<group>"; };
		54CE180728DDDD8F0035DCFC /* GradesFUnctionApp.xcdatamodel */ = {isa = PBXFileReference; lastKnownFileType = wrapper.xcdatamodel; path = GradesFUnctionApp.xcdatamodel; sourceTree = "<group>"; };
		54CE180928DDDD900035DCFC /* Assets.xcassets */ = {isa = PBXFileReference; lastKnownFileType = folder.assetcatalog; path = Assets.xcassets; sourceTree = "<group>"; };
		54CE180C28DDDD900035DCFC /* Base */ = {isa = PBXFileReference; lastKnownFileType = file.storyboard; name = Base; path = Base.lproj/LaunchScreen.storyboard; sourceTree = "<group>"; };
		54CE180E28DDDD900035DCFC /* Info.plist */ = {isa = PBXFileReference; lastKnownFileType = text.plist.xml; path = Info.plist; sourceTree = "<group>"; };
/* End PBXFileReference section */

/* Begin PBXFrameworksBuildPhase section */
		54CE17F728DDDD8F0035DCFC /* Frameworks */ = {
			isa = PBXFrameworksBuildPhase;
			buildActionMask = 2147483647;
			files = (
			);
			runOnlyForDeploymentPostprocessing = 0;
		};
/* End PBXFrameworksBuildPhase section */

/* Begin PBXGroup section */
		54CE17F128DDDD8F0035DCFC = {
			isa = PBXGroup;
			children = (
				54CE17FC28DDDD8F0035DCFC /* GradesFUnctionApp */,
				54CE17FB28DDDD8F0035DCFC /* Products */,
			);
			sourceTree = "<group>";
		};
		54CE17FB28DDDD8F0035DCFC /* Products */ = {
			isa = PBXGroup;
			children = (
				54CE17FA28DDDD8F0035DCFC /* GradesFUnctionApp.app */,
			);
			name = Products;
			sourceTree = "<group>";
		};
		54CE17FC28DDDD8F0035DCFC /* GradesFUnctionApp */ = {
			isa = PBXGroup;
			children = (
				54CE17FD28DDDD8F0035DCFC /* AppDelegate.swift */,
				54CE17FF28DDDD8F0035DCFC /* SceneDelegate.swift */,
				54CE180128DDDD8F0035DCFC /* ViewController.swift */,
				54CE180328DDDD8F0035DCFC /* Main.storyboard */,
				54CE180928DDDD900035DCFC /* Assets.xcassets */,
				54CE180B28DDDD900035DCFC /* LaunchScreen.storyboard */,
				54CE180E28DDDD900035DCFC /* Info.plist */,
				54CE180628DDDD8F0035DCFC /* GradesFUnctionApp.xcdatamodeld */,
			);
			path = GradesFUnctionApp;
			sourceTree = "<group>";
		};
/* End PBXGroup section */

/* Begin PBXNativeTarget section */
		54CE17F928DDDD8F0035DCFC /* GradesFUnctionApp */ = {
			isa = PBXNativeTarget;
			buildConfigurationList = 54CE181128DDDD900035DCFC /* Build configuration list for PBXNativeTarget "GradesFUnctionApp" */;
			buildPhases = (
				54CE17F628DDDD8F0035DCFC /* Sources */,
				54CE17F728DDDD8F0035DCFC /* Frameworks */,
				54CE17F828DDDD8F0035DCFC /* Resources */,
			);
			buildRules = (
			);
			dependencies = (
			);
			name = GradesFUnctionApp;
			productName = GradesFUnctionApp;
			productReference = 54CE17FA28DDDD8F0035DCFC /* GradesFUnctionApp.app */;
			productType = "com.apple.product-type.application";
		};
/* End PBXNativeTarget section */

/* Begin PBXProject section */
		54CE17F228DDDD8F0035DCFC /* Project object */ = {
			isa = PBXProject;
			attributes = {
				BuildIndependentTargetsInParallel = 1;
				LastSwiftUpdateCheck = 1340;
				LastUpgradeCheck = 1340;
				TargetAttributes = {
					54CE17F928DDDD8F0035DCFC = {
						CreatedOnToolsVersion = 13.4.1;
					};
				};
			};
			buildConfigurationList = 54CE17F528DDDD8F0035DCFC /* Build configuration list for PBXProject "GradesFUnctionApp" */;
			compatibilityVersion = "Xcode 13.0";
			developmentRegion = en;
			hasScannedForEncodings = 0;
			knownRegions = (
				en,
				Base,
			);
			mainGroup = 54CE17F128DDDD8F0035DCFC;
			productRefGroup = 54CE17FB28DDDD8F0035DCFC /* Products */;
			projectDirPath = "";
			projectRoot = "";
			targets = (
				54CE17F928DDDD8F0035DCFC /* GradesFUnctionApp */,
			);
		};
/* End PBXProject section */

/* Begin PBXResourcesBuildPhase section */
		54CE17F828DDDD8F0035DCFC /* Resources */ = {
			isa = PBXResourcesBuildPhase;
			buildActionMask = 2147483647;
			files = (
				54CE180D28DDDD900035DCFC /* LaunchScreen.storyboard in Resources */,
				54CE180A28DDDD900035DCFC /* Assets.xcassets in Resources */,
				54CE180528DDDD8F0035DCFC /* Main.storyboard in Resources */,
			);
			runOnlyForDeploymentPostprocessing = 0;
		};
/* End PBXResourcesBuildPhase section */

/* Begin PBXSourcesBuildPhase section */
		54CE17F628DDDD8F0035DCFC /* Sources */ = {
			isa = PBXSourcesBuildPhase;
			buildActionMask = 2147483647;
			files = (
				54CE180228DDDD8F0035DCFC /* ViewController.swift in Sources */,
				54CE17FE28DDDD8F0035DCFC /* AppDelegate.swift in Sources */,
				54CE180028DDDD8F0035DCFC /* SceneDelegate.swift in Sources */,
				54CE180828DDDD8F0035DCFC /* GradesFUnctionApp.xcdatamodeld in Sources */,
			);
			runOnlyForDeploymentPostprocessing = 0;
		};
/* End PBXSourcesBuildPhase section */

/* Begin PBXVariantGroup section */
		54CE180328DDDD8F0035DCFC /* Main.storyboard */ = {
			isa = PBXVariantGroup;
			children = (
				54CE180428DDDD8F0035DCFC /* Base */,
			);
			name = Main.storyboard;
			sourceTree = "<group>";
		};
		54CE180B28DDDD900035DCFC /* LaunchScreen.storyboard */ = {
			isa = PBXVariantGroup;
			children = (
				54CE180C28DDDD900035DCFC /* Base */,
			);
			name = LaunchScreen.storyboard;
			sourceTree = "<group>";
		};
/* End PBXVariantGroup section */

/* Begin XCBuildConfiguration section */
		54CE180F28DDDD900035DCFC /* Debug */ = {
			isa = XCBuildConfiguration;
			buildSettings = {
				ALWAYS_SEARCH_USER_PATHS = NO;
				CLANG_ANALYZER_NONNULL = YES;
				CLANG_ANALYZER_NUMBER_OBJECT_CONVERSION = YES_AGGRESSIVE;
				CLANG_CXX_LANGUAGE_STANDARD = "gnu++17";
				CLANG_ENABLE_MODULES = YES;
				CLANG_ENABLE_OBJC_ARC = YES;
				CLANG_ENABLE_OBJC_WEAK = YES;
				CLANG_WARN_BLOCK_CAPTURE_AUTORELEASING = YES;
				CLANG_WARN_BOOL_CONVERSION = YES;
				CLANG_WARN_COMMA = YES;
				CLANG_WARN_CONSTANT_CONVERSION = YES;
				CLANG_WARN_DEPRECATED_OBJC_IMPLEMENTATIONS = YES;
				CLANG_WARN_DIRECT_OBJC_ISA_USAGE = YES_ERROR;
				CLANG_WARN_DOCUMENTATION_COMMENTS = YES;
				CLANG_WARN_EMPTY_BODY = YES;
				CLANG_WARN_ENUM_CONVERSION = YES;
				CLANG_WARN_INFINITE_RECURSION = YES;
				CLANG_WARN_INT_CONVERSION = YES;
				CLANG_WARN_NON_LITERAL_NULL_CONVERSION = YES;
				CLANG_WARN_OBJC_IMPLICIT_RETAIN_SELF = YES;
				CLANG_WARN_OBJC_LITERAL_CONVERSION = YES;
				CLANG_WARN_OBJC_ROOT_CLASS = YES_ERROR;
				CLANG_WARN_QUOTED_INCLUDE_IN_FRAMEWORK_HEADER = YES;
				CLANG_WARN_RANGE_LOOP_ANALYSIS = YES;
				CLANG_WARN_STRICT_PROTOTYPES = YES;
				CLANG_WARN_SUSPICIOUS_MOVE = YES;
				CLANG_WARN_UNGUARDED_AVAILABILITY = YES_AGGRESSIVE;
				CLANG_WARN_UNREACHABLE_CODE = YES;
				CLANG_WARN__DUPLICATE_METHOD_MATCH = YES;
				COPY_PHASE_STRIP = NO;
				DEBUG_INFORMATION_FORMAT = dwarf;
				ENABLE_STRICT_OBJC_MSGSEND = YES;
				ENABLE_TESTABILITY = YES;
				GCC_C_LANGUAGE_STANDARD = gnu11;
				GCC_DYNAMIC_NO_PIC = NO;
				GCC_NO_COMMON_BLOCKS = YES;
				GCC_OPTIMIZATION_LEVEL = 0;
				GCC_PREPROCESSOR_DEFINITIONS = (
					"DEBUG=1",
					"$(inherited)",
				);
				GCC_WARN_64_TO_32_BIT_CONVERSION = YES;
				GCC_WARN_ABOUT_RETURN_TYPE = YES_ERROR;
				GCC_WARN_UNDECLARED_SELECTOR = YES;
				GCC_WARN_UNINITIALIZED_AUTOS = YES_AGGRESSIVE;
				GCC_WARN_UNUSED_FUNCTION = YES;
				GCC_WARN_UNUSED_VARIABLE = YES;
				IPHONEOS_DEPLOYMENT_TARGET = 15.5;
				MTL_ENABLE_DEBUG_INFO = INCLUDE_SOURCE;
				MTL_FAST_MATH = YES;
				ONLY_ACTIVE_ARCH = YES;
				SDKROOT = iphoneos;
				SWIFT_ACTIVE_COMPILATION_CONDITIONS = DEBUG;
				SWIFT_OPTIMIZATION_LEVEL = "-Onone";
			};
			name = Debug;
		};
		54CE181028DDDD900035DCFC /* Release */ = {
			isa = XCBuildConfiguration;
			buildSettings = {
				ALWAYS_SEARCH_USER_PATHS = NO;
				CLANG_ANALYZER_NONNULL = YES;
				CLANG_ANALYZER_NUMBER_OBJECT_CONVERSION = YES_AGGRESSIVE;
				CLANG_CXX_LANGUAGE_STANDARD = "gnu++17";
				CLANG_ENABLE_MODULES = YES;
				CLANG_ENABLE_OBJC_ARC = YES;
				CLANG_ENABLE_OBJC_WEAK = YES;
				CLANG_WARN_BLOCK_CAPTURE_AUTORELEASING = YES;
				CLANG_WARN_BOOL_CONVERSION = YES;
				CLANG_WARN_COMMA = YES;
				CLANG_WARN_CONSTANT_CONVERSION = YES;
				CLANG_WARN_DEPRECATED_OBJC_IMPLEMENTATIONS = YES;
				CLANG_WARN_DIRECT_OBJC_ISA_USAGE = YES_ERROR;
				CLANG_WARN_DOCUMENTATION_COMMENTS = YES;
				CLANG_WARN_EMPTY_BODY = YES;
				CLANG_WARN_ENUM_CONVERSION = YES;
				CLANG_WARN_INFINITE_RECURSION = YES;
				CLANG_WARN_INT_CONVERSION = YES;
				CLANG_WARN_NON_LITERAL_NULL_CONVERSION = YES;
				CLANG_WARN_OBJC_IMPLICIT_RETAIN_SELF = YES;
				CLANG_WARN_OBJC_LITERAL_CONVERSION = YES;
				CLANG_WARN_OBJC_ROOT_CLASS = YES_ERROR;
				CLANG_WARN_QUOTED_INCLUDE_IN_FRAMEWORK_HEADER = YES;
				CLANG_WARN_RANGE_LOOP_ANALYSIS = YES;
				CLANG_WARN_STRICT_PROTOTYPES = YES;
				CLANG_WARN_SUSPICIOUS_MOVE = YES;
				CLANG_WARN_UNGUARDED_AVAILABILITY = YES_AGGRESSIVE;
				CLANG_WARN_UNREACHABLE_CODE = YES;
				CLANG_WARN__DUPLICATE_METHOD_MATCH = YES;
				COPY_PHASE_STRIP = NO;
				DEBUG_INFORMATION_FORMAT = "dwarf-with-dsym";
				ENABLE_NS_ASSERTIONS = NO;
				ENABLE_STRICT_OBJC_MSGSEND = YES;
				GCC_C_LANGUAGE_STANDARD = gnu11;
				GCC_NO_COMMON_BLOCKS = YES;
				GCC_WARN_64_TO_32_BIT_CONVERSION = YES;
				GCC_WARN_ABOUT_RETURN_TYPE = YES_ERROR;
				GCC_WARN_UNDECLARED_SELECTOR = YES;
				GCC_WARN_UNINITIALIZED_AUTOS = YES_AGGRESSIVE;
				GCC_WARN_UNUSED_FUNCTION = YES;
				GCC_WARN_UNUSED_VARIABLE = YES;
				IPHONEOS_DEPLOYMENT_TARGET = 15.5;
				MTL_ENABLE_DEBUG_INFO = NO;
				MTL_FAST_MATH = YES;
				SDKROOT = iphoneos;
				SWIFT_COMPILATION_MODE = wholemodule;
				SWIFT_OPTIMIZATION_LEVEL = "-O";
				VALIDATE_PRODUCT = YES;
			};
			name = Release;
		};
		54CE181228DDDD900035DCFC /* Debug */ = {
			isa = XCBuildConfiguration;
			buildSettings = {
				ASSETCATALOG_COMPILER_APPICON_NAME = AppIcon;
				ASSETCATALOG_COMPILER_GLOBAL_ACCENT_COLOR_NAME = AccentColor;
				CODE_SIGN_STYLE = Automatic;
				CURRENT_PROJECT_VERSION = 1;
				DEVELOPMENT_TEAM = 99G585SQJY;
				GENERATE_INFOPLIST_FILE = YES;
				INFOPLIST_FILE = GradesFUnctionApp/Info.plist;
				INFOPLIST_KEY_UIApplicationSupportsIndirectInputEvents = YES;
				INFOPLIST_KEY_UILaunchStoryboardName = LaunchScreen;
				INFOPLIST_KEY_UIMainStoryboardFile = Main;
				INFOPLIST_KEY_UISupportedInterfaceOrientations_iPad = "UIInterfaceOrientationPortrait UIInterfaceOrientationPortraitUpsideDown UIInterfaceOrientationLandscapeLeft UIInterfaceOrientationLandscapeRight";
				INFOPLIST_KEY_UISupportedInterfaceOrientations_iPhone = "UIInterfaceOrientationPortrait UIInterfaceOrientationLandscapeLeft UIInterfaceOrientationLandscapeRight";
				LD_RUNPATH_SEARCH_PATHS = (
					"$(inherited)",
					"@executable_path/Frameworks",
				);
				MARKETING_VERSION = 1.0;
				PRODUCT_BUNDLE_IDENTIFIER = CLC.GradesFUnctionApp;
				PRODUCT_NAME = "$(TARGET_NAME)";
				SWIFT_EMIT_LOC_STRINGS = YES;
				SWIFT_VERSION = 5.0;
				TARGETED_DEVICE_FAMILY = "1,2";
			};
			name = Debug;
		};
		54CE181328DDDD900035DCFC /* Release */ = {
			isa = XCBuildConfiguration;
			buildSettings = {
				ASSETCATALOG_COMPILER_APPICON_NAME = AppIcon;
				ASSETCATALOG_COMPILER_GLOBAL_ACCENT_COLOR_NAME = AccentColor;
				CODE_SIGN_STYLE = Automatic;
				CURRENT_PROJECT_VERSION = 1;
				DEVELOPMENT_TEAM = 99G585SQJY;
				GENERATE_INFOPLIST_FILE = YES;
				INFOPLIST_FILE = GradesFUnctionApp/Info.plist;
				INFOPLIST_KEY_UIApplicationSupportsIndirectInputEvents = YES;
				INFOPLIST_KEY_UILaunchStoryboardName = LaunchScreen;
				INFOPLIST_KEY_UIMainStoryboardFile = Main;
				INFOPLIST_KEY_UISupportedInterfaceOrientations_iPad = "UIInterfaceOrientationPortrait UIInterfaceOrientationPortraitUpsideDown UIInterfaceOrientationLandscapeLeft UIInterfaceOrientationLandscapeRight";
				INFOPLIST_KEY_UISupportedInterfaceOrientations_iPhone = "UIInterfaceOrientationPortrait UIInterfaceOrientationLandscapeLeft UIInterfaceOrientationLandscapeRight";
				LD_RUNPATH_SEARCH_PATHS = (
					"$(inherited)",
					"@executable_path/Frameworks",
				);
				MARKETING_VERSION = 1.0;
				PRODUCT_BUNDLE_IDENTIFIER = CLC.GradesFUnctionApp;
				PRODUCT_NAME = "$(TARGET_NAME)";
				SWIFT_EMIT_LOC_STRINGS = YES;
				SWIFT_VERSION = 5.0;
				TARGETED_DEVICE_FAMILY = "1,2";
			};
			name = Release;
		};
/* End XCBuildConfiguration section */

/* Begin XCConfigurationList section */
		54CE17F528DDDD8F0035DCFC /* Build configuration list for PBXProject "GradesFUnctionApp" */ = {
			isa = XCConfigurationList;
			buildConfigurations = (
				54CE180F28DDDD900035DCFC /* Debug */,
				54CE181028DDDD900035DCFC /* Release */,
			);
			defaultConfigurationIsVisible = 0;
			defaultConfigurationName = Release;
		};
		54CE181128DDDD900035DCFC /* Build configuration list for PBXNativeTarget "GradesFUnctionApp" */ = {
			isa = XCConfigurationList;
			buildConfigurations = (
				54CE181228DDDD900035DCFC /* Debug */,
				54CE181328DDDD900035DCFC /* Release */,
			);
			defaultConfigurationIsVisible = 0;
			defaultConfigurationName = Release;
		};
/* End XCConfigurationList section */

/* Begin XCVersionGroup section */
		54CE180628DDDD8F0035DCFC /* GradesFUnctionApp.xcdatamodeld */ = {
			isa = XCVersionGroup;
			children = (
				54CE180728DDDD8F0035DCFC /* GradesFUnctionApp.xcdatamodel */,
			);
			currentVersion = 54CE180728DDDD8F0035DCFC /* GradesFUnctionApp.xcdatamodel */;
			path = GradesFUnctionApp.xcdatamodeld;
			sourceTree = "<group>";
			versionGroupType = wrapper.xcdatamodel;
		};
/* End XCVersionGroup section */
	};
	rootObject = 54CE17F228DDDD8F0035DCFC /* Project object */;
}
